
Microsoft Visual Studio Solution File, Format Version 12.00
# Visual Studio 15
VisualStudioVersion = 15.0.27703.2047
MinimumVisualStudioVersion = 10.0.40219.1
Project("{FAE04EC0-301F-11D3-BF4B-00C04F79EFBC}") = "StudyTracker", "StudyTracker\StudyTracker.csproj", "{17827B1D-E40A-4393-B8B3-756845930A29}"
EndProject
Global
	GlobalSection(SolutionConfigurationPlatforms) = preSolution
		Debug|Any CPU = Debug|Any CPU
		Release|Any CPU = Release|Any CPU
	EndGlobalSection
	GlobalSection(ProjectConfigurationPlatforms) = postSolution
		{17827B1D-E40A-4393-B8B3-756845930A29}.Debug|Any CPU.ActiveCfg = Debug|Any CPU
		{17827B1D-E40A-4393-B8B3-756845930A29}.Debug|Any CPU.Build.0 = Debug|Any CPU
		{17827B1D-E40A-4393-B8B3-756845930A29}.Release|Any CPU.ActiveCfg = Release|Any CPU
		{17827B1D-E40A-4393-B8B3-756845930A29}.Release|Any CPU.Build.0 = Release|Any CPU
	EndGlobalSection
	GlobalSection(SolutionProperties) = preSolution
		HideSolutionNode = FALSE
	EndGlobalSection
	GlobalSection(ExtensibilityGlobals) = postSolution
		SolutionGuid = {34B82EB6-2E3C-40E9-92BF-3C80E8182822}
	EndGlobalSection
	GlobalSection(MonoDevelopProperties) = preSolution
		Policies = $0
		$0.DotNetNamingPolicy = $1
		$1.DirectoryNamespaceAssociation = PrefixedHierarchical
		$0.TextStylePolicy = $2
		$2.inheritsSet = null
		$2.scope = text/x-csharp
		$0.CSharpFormattingPolicy = $3
		$3.scope = text/x-csharp
		$0.TextStylePolicy = $4
		$4.FileWidth = 80
		$4.TabsToSpaces = True
		$4.scope = text/plain
		$0.TextStylePolicy = $5
		$5.inheritsSet = null
		$5.scope = text/microsoft-resx
		$0.XmlFormattingPolicy = $6
		$6.inheritsSet = null
		$6.scope = text/microsoft-resx
		$0.TextStylePolicy = $7
		$7.inheritsSet = null
		$7.scope = application/xml
		$0.XmlFormattingPolicy = $8
		$8.scope = application/xml
		$0.TextStylePolicy = $9
		$9.inheritsSet = null
		$9.scope = application/config+xml
		$0.XmlFormattingPolicy = $10
		$10.inheritsSet = null
		$10.scope = application/config+xml
		$0.StandardHeader = $11
		$0.VersionControlPolicy = $12
	EndGlobalSection
EndGlobal
